{
  "name": "assets",
  "lockfileVersion": 3,
  "requires": true,
  "packages": {
    "": {
      "dependencies": {
        "export-to-csv": "^1.2.3"
      }
    },
    "node_modules/export-to-csv": {
      "version": "1.2.3",
      "resolved": "https://registry.npmjs.org/export-to-csv/-/export-to-csv-1.2.3.tgz",
      "integrity": "sha512-N+hWdpEQNSn4BeltgusTuW65gC+2B5hmOWe4Eu0gw0NwKq92dzD+5ObSSBUeKTy7k+PGG7xDqaThPg8elZ7k+g==",
      "engines": {
        "node": "^v12.20.0 || >=v14.13.0"
      }
    }
  }
}
